#MicroXplorer Configuration settings - do not modify
Dma.Request0=USART3_TX
Dma.Request1=SDIO_RX
Dma.Request2=SDIO_TX
Dma.RequestsNb=3
Dma.SDIO_RX.1.Direction=DMA_PERIPH_TO_MEMORY
Dma.SDIO_RX.1.FIFOMode=DMA_FIFOMODE_ENABLE
Dma.SDIO_RX.1.FIFOThreshold=DMA_FIFO_THRESHOLD_FULL
Dma.SDIO_RX.1.Instance=DMA2_Stream3
Dma.SDIO_RX.1.MemBurst=DMA_MBURST_INC4
Dma.SDIO_RX.1.MemDataAlignment=DMA_MDATAALIGN_WORD
Dma.SDIO_RX.1.MemInc=DMA_MINC_ENABLE
Dma.SDIO_RX.1.Mode=DMA_PFCTRL
Dma.SDIO_RX.1.PeriphBurst=DMA_PBURST_INC4
Dma.SDIO_RX.1.PeriphDataAlignment=DMA_PDATAALIGN_WORD
Dma.SDIO_RX.1.PeriphInc=DMA_PINC_DISABLE
Dma.SDIO_RX.1.Priority=DMA_PRIORITY_VERY_HIGH
Dma.SDIO_RX.1.RequestParameters=Instance,Direction,PeriphInc,MemInc,PeriphDataAlignment,MemDataAlignment,Mode,Priority,FIFOMode,FIFOThreshold,MemBurst,PeriphBurst
Dma.SDIO_TX.2.Direction=DMA_MEMORY_TO_PERIPH
Dma.SDIO_TX.2.FIFOMode=DMA_FIFOMODE_ENABLE
Dma.SDIO_TX.2.FIFOThreshold=DMA_FIFO_THRESHOLD_FULL
Dma.SDIO_TX.2.Instance=DMA2_Stream6
Dma.SDIO_TX.2.MemBurst=DMA_MBURST_INC4
Dma.SDIO_TX.2.MemDataAlignment=DMA_MDATAALIGN_WORD
Dma.SDIO_TX.2.MemInc=DMA_MINC_ENABLE
Dma.SDIO_TX.2.Mode=DMA_PFCTRL
Dma.SDIO_TX.2.PeriphBurst=DMA_PBURST_INC4
Dma.SDIO_TX.2.PeriphDataAlignment=DMA_PDATAALIGN_WORD
Dma.SDIO_TX.2.PeriphInc=DMA_PINC_DISABLE
Dma.SDIO_TX.2.Priority=DMA_PRIORITY_VERY_HIGH
Dma.SDIO_TX.2.RequestParameters=Instance,Direction,PeriphInc,MemInc,PeriphDataAlignment,MemDataAlignment,Mode,Priority,FIFOMode,FIFOThreshold,MemBurst,PeriphBurst
Dma.USART3_TX.0.Direction=DMA_MEMORY_TO_PERIPH
Dma.USART3_TX.0.FIFOMode=DMA_FIFOMODE_DISABLE
Dma.USART3_TX.0.Instance=DMA1_Stream3
Dma.USART3_TX.0.MemDataAlignment=DMA_MDATAALIGN_BYTE
Dma.USART3_TX.0.MemInc=DMA_MINC_ENABLE
Dma.USART3_TX.0.Mode=DMA_NORMAL
Dma.USART3_TX.0.PeriphDataAlignment=DMA_PDATAALIGN_BYTE
Dma.USART3_TX.0.PeriphInc=DMA_PINC_DISABLE
Dma.USART3_TX.0.Priority=DMA_PRIORITY_LOW
Dma.USART3_TX.0.RequestParameters=Instance,Direction,PeriphInc,MemInc,PeriphDataAlignment,MemDataAlignment,Mode,Priority,FIFOMode
FATFS.IPParameters=_MAX_SS,_CODE_PAGE,_USE_LFN
FATFS._CODE_PAGE=949
FATFS._MAX_SS=512
FATFS._USE_LFN=1
File.Version=6
KeepUserPlacement=true
Mcu.CPN=STM32F427VIT6
Mcu.Family=STM32F4
Mcu.IP0=DMA
Mcu.IP1=FATFS
Mcu.IP10=USART1
Mcu.IP11=USART3
Mcu.IP12=USB_DEVICE
Mcu.IP13=USB_OTG_FS
Mcu.IP2=NVIC
Mcu.IP3=RCC
Mcu.IP4=RTC
Mcu.IP5=SDIO
Mcu.IP6=SYS
Mcu.IP7=TIM7
Mcu.IP8=UART7
Mcu.IP9=UART8
Mcu.IPNb=14
Mcu.Name=STM32F427V(G-I)Tx
Mcu.Package=LQFP100
Mcu.Pin0=PC14/OSC32_IN
Mcu.Pin1=PC15/OSC32_OUT
Mcu.Pin10=PC8
Mcu.Pin11=PC9
Mcu.Pin12=PA9
Mcu.Pin13=PA11
Mcu.Pin14=PA12
Mcu.Pin15=PC10
Mcu.Pin16=PC11
Mcu.Pin17=PC12
Mcu.Pin18=PD2
Mcu.Pin19=PB6
Mcu.Pin2=PH0/OSC_IN
Mcu.Pin20=PB7
Mcu.Pin21=PE0
Mcu.Pin22=PE1
Mcu.Pin23=VP_FATFS_VS_SDIO
Mcu.Pin24=VP_RTC_VS_RTC_Activate
Mcu.Pin25=VP_RTC_VS_RTC_Calendar
Mcu.Pin26=VP_RTC_VS_RTC_Alarm_A_Intern
Mcu.Pin27=VP_SYS_VS_Systick
Mcu.Pin28=VP_TIM7_VS_ClockSourceINT
Mcu.Pin29=VP_USB_DEVICE_VS_USB_DEVICE_MSC_FS
Mcu.Pin3=PH1/OSC_OUT
Mcu.Pin4=PA0/WKUP
Mcu.Pin5=PA1
Mcu.Pin6=PE7
Mcu.Pin7=PE8
Mcu.Pin8=PD8
Mcu.Pin9=PD9
Mcu.PinsNb=30
Mcu.ThirdPartyNb=0
Mcu.UserConstants=
Mcu.UserName=STM32F427VITx
MxCube.Version=6.5.0
MxDb.Version=DB.6.0.50
NVIC.BusFault_IRQn=true\:0\:0\:false\:false\:true\:false\:false\:true
NVIC.DMA1_Stream3_IRQn=true\:0\:0\:false\:false\:true\:false\:true\:true
NVIC.DMA2_Stream3_IRQn=true\:0\:0\:false\:false\:true\:false\:true\:true
NVIC.DMA2_Stream6_IRQn=true\:0\:0\:false\:false\:true\:false\:true\:true
NVIC.DebugMonitor_IRQn=true\:0\:0\:false\:false\:true\:false\:false\:true
NVIC.ForceEnableDMAVector=true
NVIC.HardFault_IRQn=true\:0\:0\:false\:false\:true\:false\:false\:true
NVIC.MemoryManagement_IRQn=true\:0\:0\:false\:false\:true\:false\:false\:true
NVIC.NonMaskableInt_IRQn=true\:0\:0\:false\:false\:true\:false\:false\:true
NVIC.OTG_FS_IRQn=true\:0\:0\:false\:false\:true\:false\:true\:true
NVIC.PendSV_IRQn=true\:0\:0\:false\:false\:true\:false\:false\:true
NVIC.PriorityGroup=NVIC_PRIORITYGROUP_4
NVIC.RTC_Alarm_IRQn=true\:5\:0\:true\:false\:true\:true\:true\:true
NVIC.SVCall_IRQn=true\:0\:0\:false\:false\:true\:false\:false\:true
NVIC.SysTick_IRQn=true\:15\:0\:false\:false\:true\:false\:true\:true
NVIC.TIM7_IRQn=true\:0\:0\:false\:false\:true\:true\:true\:true
NVIC.UART7_IRQn=true\:1\:0\:true\:false\:true\:true\:true\:true
NVIC.UART8_IRQn=true\:2\:0\:true\:false\:true\:true\:true\:true
NVIC.USART1_IRQn=true\:4\:0\:true\:false\:true\:true\:true\:true
NVIC.USART3_IRQn=true\:3\:0\:true\:false\:true\:true\:true\:true
NVIC.UsageFault_IRQn=true\:0\:0\:false\:false\:true\:false\:false\:true
PA0/WKUP.Locked=true
PA0/WKUP.Signal=GPIO_Output
PA1.Locked=true
PA1.Signal=GPIO_Output
PA11.Mode=Device_Only
PA11.Signal=USB_OTG_FS_DM
PA12.Mode=Device_Only
PA12.Signal=USB_OTG_FS_DP
PA9.Mode=Activate_VBUS
PA9.Signal=USB_OTG_FS_VBUS
PB6.Locked=true
PB6.Mode=Asynchronous
PB6.Signal=USART1_TX
PB7.Locked=true
PB7.Mode=Asynchronous
PB7.Signal=USART1_RX
PC10.Mode=SD_4_bits_Wide_bus
PC10.Signal=SDIO_D2
PC11.Mode=SD_4_bits_Wide_bus
PC11.Signal=SDIO_D3
PC12.Mode=SD_4_bits_Wide_bus
PC12.Signal=SDIO_CK
PC14/OSC32_IN.Mode=LSE-External-Oscillator
PC14/OSC32_IN.Signal=RCC_OSC32_IN
PC15/OSC32_OUT.Mode=LSE-External-Oscillator
PC15/OSC32_OUT.Signal=RCC_OSC32_OUT
PC8.Mode=SD_4_bits_Wide_bus
PC8.Signal=SDIO_D0
PC9.Mode=SD_4_bits_Wide_bus
PC9.Signal=SDIO_D1
PCC.Checker=false
PCC.Line=STM32F427/437
PCC.MCU=STM32F427V(G-I)Tx
PCC.PartNumber=STM32F427VITx
PCC.Seq0=3
PCC.Seq0.Step0.Average_Current=57 mA
PCC.Seq0.Step0.CPU_Frequency=180 MHz
PCC.Seq0.Step0.Category=In DS Table
PCC.Seq0.Step0.DMIPS=225.0
PCC.Seq0.Step0.Duration=0.1 ms
PCC.Seq0.Step0.Frequency=4 MHz
PCC.Seq0.Step0.Memory=FLASH
PCC.Seq0.Step0.Mode=RUN
PCC.Seq0.Step0.Oscillator=HSE PLL
PCC.Seq0.Step0.Peripherals=
PCC.Seq0.Step0.TaMax=96.91
PCC.Seq0.Step0.User's_Consumption=0 mA
PCC.Seq0.Step0.Vcore=Scale1-High
PCC.Seq0.Step0.Vdd=3.3
PCC.Seq0.Step0.Voltage_Source=Battery
PCC.Seq0.Step1.Average_Current=100 \u00B5A
PCC.Seq0.Step1.CPU_Frequency=0 Hz
PCC.Seq0.Step1.Category=In DS Table
PCC.Seq0.Step1.DMIPS=0.0
PCC.Seq0.Step1.Duration=0.9 ms
PCC.Seq0.Step1.Frequency=0 Hz
PCC.Seq0.Step1.Memory=n/a
PCC.Seq0.Step1.Mode=STOP_UDM (Under Drive)
PCC.Seq0.Step1.Oscillator=Regulator_LP Flash-PwrDwn
PCC.Seq0.Step1.Peripherals=
PCC.Seq0.Step1.TaMax=104.99
PCC.Seq0.Step1.User's_Consumption=0 mA
PCC.Seq0.Step1.Vcore=No Scale
PCC.Seq0.Step1.Vdd=3.3
PCC.Seq0.Step1.Voltage_Source=Battery
PCC.Seq0.Step2.Average_Current=970 nA
PCC.Seq0.Step2.CPU_Frequency=0 Hz
PCC.Seq0.Step2.Category=In DS Table
PCC.Seq0.Step2.DMIPS=0.0
PCC.Seq0.Step2.Duration=1 ms
PCC.Seq0.Step2.Frequency=32.768 kHz
PCC.Seq0.Step2.Memory=n/a
PCC.Seq0.Step2.Mode=VBAT
PCC.Seq0.Step2.Oscillator=LSE RTC
PCC.Seq0.Step2.Peripherals=
PCC.Seq0.Step2.TaMax=105
PCC.Seq0.Step2.User's_Consumption=0 mA
PCC.Seq0.Step2.Vcore=No Scale
PCC.Seq0.Step2.Vdd=3.3
PCC.Seq0.Step2.Voltage_Source=Battery
PCC.Series=STM32F4
PCC.Temperature=25
PCC.Vdd=3.3
PD2.Mode=SD_4_bits_Wide_bus
PD2.Signal=SDIO_CMD
PD8.Locked=true
PD8.Mode=Asynchronous
PD8.Signal=USART3_TX
PD9.Locked=true
PD9.Mode=Asynchronous
PD9.Signal=USART3_RX
PE0.Locked=true
PE0.Mode=Asynchronous
PE0.Signal=UART8_RX
PE1.Locked=true
PE1.Mode=Asynchronous
PE1.Signal=UART8_TX
PE7.Locked=true
PE7.Mode=Asynchronous
PE7.Signal=UART7_RX
PE8.Locked=true
PE8.Mode=Asynchronous
PE8.Signal=UART7_TX
PH0/OSC_IN.Mode=HSE-External-Oscillator
PH0/OSC_IN.Signal=RCC_OSC_IN
PH1/OSC_OUT.Mode=HSE-External-Oscillator
PH1/OSC_OUT.Signal=RCC_OSC_OUT
PinOutPanel.RotationAngle=0
ProjectManager.AskForMigrate=true
ProjectManager.BackupPrevious=false
ProjectManager.CompilerOptimize=6
ProjectManager.ComputerToolchain=false
ProjectManager.CoupleFile=false
ProjectManager.CustomerFirmwarePackage=
ProjectManager.DefaultFWLocation=true
ProjectManager.DeletePrevious=true
ProjectManager.DeviceId=STM32F427VITx
ProjectManager.FirmwarePackage=STM32Cube FW_F4 V1.27.0
ProjectManager.FreePins=false
ProjectManager.HalAssertFull=false
ProjectManager.HeapSize=0x4000
ProjectManager.KeepUserCode=true
ProjectManager.LastFirmware=true
ProjectManager.LibraryCopy=1
ProjectManager.MainLocation=Core/Src
ProjectManager.NoMain=false
ProjectManager.PreviousToolchain=
ProjectManager.ProjectBuild=false
ProjectManager.ProjectFileName=06_f427_data_logger2.ioc
ProjectManager.ProjectName=06_f427_data_logger2
ProjectManager.RegisterCallBack=RTC
ProjectManager.StackSize=0x8000
ProjectManager.TargetToolchain=STM32CubeIDE
ProjectManager.ToolChainLocation=
ProjectManager.UnderRoot=true
ProjectManager.functionlistsort=1-SystemClock_Config-RCC-false-HAL-false,2-MX_GPIO_Init-GPIO-false-HAL-true,3-MX_SDIO_SD_Init-SDIO-false-HAL-true,4-MX_FATFS_Init-FATFS-false-HAL-false,5-MX_UART8_Init-UART8-false-HAL-true,6-MX_RTC_Init-RTC-false-HAL-true,7-MX_TIM7_Init-TIM7-false-HAL-true,8-MX_USART3_UART_Init-USART3-false-HAL-true,9-MX_DMA_Init-DMA-false-HAL-true,10-MX_USART1_UART_Init-USART1-false-HAL-true,11-MX_UART7_Init-UART7-false-HAL-true,12-MX_USB_DEVICE_Init-USB_DEVICE-false-HAL-false
RCC.48MHZClocksFreq_Value=48000000
RCC.AHBFreq_Value=168000000
RCC.APB1CLKDivider=RCC_HCLK_DIV4
RCC.APB1Freq_Value=42000000
RCC.APB1TimFreq_Value=84000000
RCC.APB2CLKDivider=RCC_HCLK_DIV2
RCC.APB2Freq_Value=84000000
RCC.APB2TimFreq_Value=168000000
RCC.CortexFreq_Value=168000000
RCC.EthernetFreq_Value=168000000
RCC.FCLKCortexFreq_Value=168000000
RCC.FamilyName=M
RCC.HCLKFreq_Value=168000000
RCC.HSE_VALUE=24000000
RCC.HSI_VALUE=16000000
RCC.I2SClocksFreq_Value=192000000
RCC.IPParameters=48MHZClocksFreq_Value,AHBFreq_Value,APB1CLKDivider,APB1Freq_Value,APB1TimFreq_Value,APB2CLKDivider,APB2Freq_Value,APB2TimFreq_Value,CortexFreq_Value,EthernetFreq_Value,FCLKCortexFreq_Value,FamilyName,HCLKFreq_Value,HSE_VALUE,HSI_VALUE,I2SClocksFreq_Value,LSI_VALUE,MCO2PinFreq_Value,PLLCLKFreq_Value,PLLM,PLLN,PLLQ,PLLQCLKFreq_Value,RCC_RTC_Clock_Source,RCC_RTC_Clock_SourceVirtual,RCC_RTC_Clock_Source_FROM_HSE,RTCFreq_Value,RTCHSEDivFreq_Value,SAI_AClocksFreq_Value,SAI_BClocksFreq_Value,SYSCLKFreq_VALUE,SYSCLKSource,VCOI2SOutputFreq_Value,VCOInputFreq_Value,VCOOutputFreq_Value,VCOSAIOutputFreq_Value,VCOSAIOutputFreq_ValueQ,VcooutputI2S,VcooutputI2SQ
RCC.LSI_VALUE=32000
RCC.MCO2PinFreq_Value=168000000
RCC.PLLCLKFreq_Value=168000000
RCC.PLLM=12
RCC.PLLN=168
RCC.PLLQ=7
RCC.PLLQCLKFreq_Value=48000000
RCC.RCC_RTC_Clock_Source=RCC_RTCCLKSOURCE_LSE
RCC.RCC_RTC_Clock_SourceVirtual=RCC_RTCCLKSOURCE_HSE_DIV24
RCC.RCC_RTC_Clock_Source_FROM_HSE=RCC_RTCCLKSOURCE_HSE_DIV24
RCC.RTCFreq_Value=32768
RCC.RTCHSEDivFreq_Value=1000000
RCC.SAI_AClocksFreq_Value=24500000
RCC.SAI_BClocksFreq_Value=24500000
RCC.SYSCLKFreq_VALUE=168000000
RCC.SYSCLKSource=RCC_SYSCLKSOURCE_PLLCLK
RCC.VCOI2SOutputFreq_Value=384000000
RCC.VCOInputFreq_Value=2000000
RCC.VCOOutputFreq_Value=336000000
RCC.VCOSAIOutputFreq_Value=98000000
RCC.VCOSAIOutputFreq_ValueQ=24500000
RCC.VcooutputI2S=192000000
RCC.VcooutputI2SQ=192000000
RTC.Alarm=RTC_ALARM_A
RTC.AsynchPrediv=127
RTC.Date=1
RTC.DayLightSaving=RTC_DAYLIGHTSAVING_NONE
RTC.Format=RTC_FORMAT_BIN
RTC.HourFormat=RTC_HOURFORMAT_24
RTC.Hours=23
RTC.IPParameters=AsynchPrediv,SynchPrediv,Year,Date,Month,Alarm,Format,DayLightSaving,StoreOperation,Hours,HourFormat,Minutes,Seconds
RTC.Minutes=59
RTC.Month=RTC_MONTH_JANUARY
RTC.Seconds=59
RTC.StoreOperation=RTC_STOREOPERATION_RESET
RTC.SynchPrediv=255
RTC.Year=22
SDIO.ClockDiv=10
SDIO.IPParameters=ClockDiv
TIM7.IPParameters=Prescaler,Period
TIM7.Period=9999
TIM7.Prescaler=8399
UART7.IPParameters=VirtualMode
UART7.VirtualMode=Asynchronous
UART8.IPParameters=VirtualMode
UART8.VirtualMode=Asynchronous
USART1.IPParameters=VirtualMode
USART1.VirtualMode=VM_ASYNC
USART3.IPParameters=VirtualMode,OverSampling
USART3.OverSampling=UART_OVERSAMPLING_8
USART3.VirtualMode=VM_ASYNC
USB_DEVICE.CLASS_NAME_FS=MSC
USB_DEVICE.IPParameters=VirtualMode-MSC_FS,VirtualModeFS,CLASS_NAME_FS,PRODUCT_STRING_MSC_FS,LANGID_STRING-MSC_FS,MANUFACTURER_STRING-MSC_FS
USB_DEVICE.LANGID_STRING-MSC_FS=1042
USB_DEVICE.MANUFACTURER_STRING-MSC_FS=THE PEACH
USB_DEVICE.PRODUCT_STRING_MSC_FS=THE PEACH Storage
USB_DEVICE.VirtualMode-MSC_FS=Msc
USB_DEVICE.VirtualModeFS=Msc_FS
USB_OTG_FS.IPParameters=VirtualMode
USB_OTG_FS.VirtualMode=Device_Only
VP_FATFS_VS_SDIO.Mode=SDIO
VP_FATFS_VS_SDIO.Signal=FATFS_VS_SDIO
VP_RTC_VS_RTC_Activate.Mode=RTC_Enabled
VP_RTC_VS_RTC_Activate.Signal=RTC_VS_RTC_Activate
VP_RTC_VS_RTC_Alarm_A_Intern.Mode=Alarm A
VP_RTC_VS_RTC_Alarm_A_Intern.Signal=RTC_VS_RTC_Alarm_A_Intern
VP_RTC_VS_RTC_Calendar.Mode=RTC_Calendar
VP_RTC_VS_RTC_Calendar.Signal=RTC_VS_RTC_Calendar
VP_SYS_VS_Systick.Mode=SysTick
VP_SYS_VS_Systick.Signal=SYS_VS_Systick
VP_TIM7_VS_ClockSourceINT.Mode=Enable_Timer
VP_TIM7_VS_ClockSourceINT.Signal=TIM7_VS_ClockSourceINT
VP_USB_DEVICE_VS_USB_DEVICE_MSC_FS.Mode=MSC_FS
VP_USB_DEVICE_VS_USB_DEVICE_MSC_FS.Signal=USB_DEVICE_VS_USB_DEVICE_MSC_FS
board=custom
isbadioc=false
